
Microsoft Visual Studio Solution File, Format Version 12.00
# Visual Studio Version 17
VisualStudioVersion = 17.10.34707.107
MinimumVisualStudioVersion = 10.0.40219.1
Project("{FAE04EC0-301F-11D3-BF4B-00C04F79EFBC}") = "SME_WEB_ApiManagement", "SME_WEB_ApiManagement\SME_WEB_ApiManagement.csproj", "{F98EED6F-9330-4A76-8DF6-86ED4065337B}"
EndProject
Global
	GlobalSection(SolutionConfigurationPlatforms) = preSolution
		Debug|Any CPU = Debug|Any CPU
		Release|Any CPU = Release|Any CPU
	EndGlobalSection
	GlobalSection(ProjectConfigurationPlatforms) = postSolution
		{F98EED6F-9330-4A76-8DF6-86ED4065337B}.Debug|Any CPU.ActiveCfg = Debug|Any CPU
		{F98EED6F-9330-4A76-8DF6-86ED4065337B}.Debug|Any CPU.Build.0 = Debug|Any CPU
		{F98EED6F-9330-4A76-8DF6-86ED4065337B}.Release|Any CPU.ActiveCfg = Release|Any CPU
		{F98EED6F-9330-4A76-8DF6-86ED4065337B}.Release|Any CPU.Build.0 = Release|Any CPU
	EndGlobalSection
	GlobalSection(SolutionProperties) = preSolution
		HideSolutionNode = FALSE
	EndGlobalSection
	GlobalSection(ExtensibilityGlobals) = postSolution
		SolutionGuid = {A25DAD9E-C7F0-4489-8AAF-5A3D9B74BD7C}
	EndGlobalSection
EndGlobal
